{
  "name": "studio",
  "version": "1.0.0",
  "lockfileVersion": 1,
  "requires": true,
  "dependencies": {
    "@xmldom/xmldom": {
      "version": "0.8.7",
      "resolved": "https://registry.npmjs.org/@xmldom/xmldom/-/xmldom-0.8.7.tgz",
      "integrity": "sha512-sI1Ly2cODlWStkINzqGrZ8K6n+MTSbAeQnAipGyL+KZCXuHaRlj2gyyy8B/9MvsFFqN7XHryQnB2QwhzvJXovg=="
    },
    "dom-walk": {
      "version": "0.1.1",
      "resolved": "https://registry.npmjs.org/dom-walk/-/dom-walk-0.1.1.tgz",
      "integrity": "sha1-ZyIm3HTI95mtNTB9+TaroRrNYBg="
    },
    "individual": {
      "version": "2.0.0",
      "resolved": "https://registry.npmjs.org/individual/-/individual-2.0.0.tgz",
      "integrity": "sha1-gzsJfa0jKU52EXqY+zjg2a1hu5c="
    },
    "is-function": {
      "version": "1.0.1",
      "resolved": "https://registry.npmjs.org/is-function/-/is-function-1.0.1.tgz",
      "integrity": "sha1-Es+5i2W1fdPRk6MSH19uL0N2ArU="
    },
    "keycode": {
      "version": "2.2.0",
      "resolved": "https://registry.npmjs.org/keycode/-/keycode-2.2.0.tgz",
      "integrity": "sha1-PQr1bce4uOXLqNCpfxByBO7CKwQ="
    },
    "lamejs": {
      "version": "1.2.0",
      "resolved": "https://registry.npmjs.org/lamejs/-/lamejs-1.2.0.tgz",
      "integrity": "sha1-Aln4PbRmYUGntnG4yqY2nZUXfQg=",
      "requires": {
        "use-strict": "1.0.1"
      }
    },
    "min-document": {
      "version": "2.19.0",
      "resolved": "https://registry.npmjs.org/min-document/-/min-document-2.19.0.tgz",
      "integrity": "sha1-e9KC4/WELtKVu3SM3Z8f+iyCRoU=",
      "requires": {
        "dom-walk": "^0.1.0"
      }
    },
    "recordrtc": {
      "version": "5.5.9",
      "resolved": "https://registry.npmjs.org/recordrtc/-/recordrtc-5.5.9.tgz",
      "integrity": "sha512-6T1tn80nRfsXrAoYWINwz+hBKk+pB5Im4I0BS52Og1ruQvrEdV3IUcm+AKwLMHNyBAhJ2DaVa+9pukTRxMF/uA=="
    },
    "rtcpeerconnection-shim": {
      "version": "1.2.15",
      "resolved": "https://registry.npmjs.org/rtcpeerconnection-shim/-/rtcpeerconnection-shim-1.2.15.tgz",
      "integrity": "sha512-C6DxhXt7bssQ1nHb154lqeL0SXz5Dx4RczXZu2Aa/L1NJFnEVDxFwCBo3fqtuljhHIGceg5JKBV4XJ0gW5JKyw==",
      "requires": {
        "sdp": "^2.6.0"
      }
    },
    "rust-result": {
      "version": "1.0.0",
      "resolved": "https://registry.npmjs.org/rust-result/-/rust-result-1.0.0.tgz",
      "integrity": "sha1-NMdbLm3Dn+WHXlveyFteD5FTb3I=",
      "requires": {
        "individual": "^2.0.0"
      }
    },
    "safe-json-parse": {
      "version": "4.0.0",
      "resolved": "https://registry.npmjs.org/safe-json-parse/-/safe-json-parse-4.0.0.tgz",
      "integrity": "sha1-fA9XjPzNEtM6ccDgVBPi7KFx6qw=",
      "requires": {
        "rust-result": "^1.0.0"
      }
    },
    "sdp": {
      "version": "2.12.0",
      "resolved": "https://registry.npmjs.org/sdp/-/sdp-2.12.0.tgz",
      "integrity": "sha512-jhXqQAQVM+8Xj5EjJGVweuEzgtGWb3tmEEpl3CLP3cStInSbVHSg0QWOGQzNq8pSID4JkpeV2mPqlMDLrm0/Vw=="
    },
    "use-strict": {
      "version": "1.0.1",
      "resolved": "https://registry.npmjs.org/use-strict/-/use-strict-1.0.1.tgz",
      "integrity": "sha1-C7gNlPSaSgUZK4Sox9NOlfGn46A="
    },
    "video.js": {
      "version": "8.3.0",
      "resolved": "https://registry.npmjs.org/video.js/-/video.js-8.3.0.tgz",
      "integrity": "sha512-Vp3mqMLSUE354t+G8CbZKwcV520VKoS5fow8zjnEEKFuqStmkmnvK7/FurP6zuP/oWGJ1rqlKxML56kmJOrwRw==",
      "requires": {
        "@babel/runtime": "^7.12.5",
        "@videojs/http-streaming": "3.0.2",
        "@videojs/vhs-utils": "^4.0.0",
        "@videojs/xhr": "2.6.0",
        "aes-decrypter": "^4.0.1",
        "global": "4.4.0",
        "keycode": "2.2.0",
        "m3u8-parser": "^6.0.0",
        "mpd-parser": "^1.0.1",
        "mux.js": "^6.2.0",
        "safe-json-parse": "4.0.0",
        "videojs-contrib-quality-levels": "3.0.0",
        "videojs-font": "4.1.0",
        "videojs-vtt.js": "0.15.4"
      },
      "dependencies": {
        "@babel/runtime": {
          "version": "7.21.5",
          "resolved": "https://registry.npmjs.org/@babel/runtime/-/runtime-7.21.5.tgz",
          "integrity": "sha512-8jI69toZqqcsnqGGqwGS4Qb1VwLOEp4hz+CXPywcvjs60u3B4Pom/U/7rm4W8tMOYEB+E9wgD0mW1l3r8qlI9Q==",
          "requires": {
            "regenerator-runtime": "^0.13.11"
          }
        },
        "@videojs/http-streaming": {
          "version": "3.0.2",
          "resolved": "https://registry.npmjs.org/@videojs/http-streaming/-/http-streaming-3.0.2.tgz",
          "integrity": "sha512-iSZkwTLGg3Rx78ypCCq/GsMME89ElNvU02xj7reCE2PlITMQjyYsER1w5AsySvT1A694u5yuSzEzLLGF1cL4pg==",
          "requires": {
            "@babel/runtime": "^7.12.5",
            "@videojs/vhs-utils": "4.0.0",
            "aes-decrypter": "4.0.1",
            "global": "^4.4.0",
            "m3u8-parser": "^6.0.0",
            "mpd-parser": "^1.0.1",
            "mux.js": "6.3.0",
            "video.js": "^7 || ^8"
          }
        },
        "@videojs/vhs-utils": {
          "version": "4.0.0",
          "resolved": "https://registry.npmjs.org/@videojs/vhs-utils/-/vhs-utils-4.0.0.tgz",
          "integrity": "sha512-xJp7Yd4jMLwje2vHCUmi8MOUU76nxiwII3z4Eg3Ucb+6rrkFVGosrXlMgGnaLjq724j3wzNElRZ71D/CKrTtxg==",
          "requires": {
            "@babel/runtime": "^7.12.5",
            "global": "^4.4.0",
            "url-toolkit": "^2.2.1"
          }
        },
        "@videojs/xhr": {
          "version": "2.6.0",
          "resolved": "https://registry.npmjs.org/@videojs/xhr/-/xhr-2.6.0.tgz",
          "integrity": "sha512-7J361GiN1tXpm+gd0xz2QWr3xNWBE+rytvo8J3KuggFaLg+U37gZQ2BuPLcnkfGffy2e+ozY70RHC8jt7zjA6Q==",
          "requires": {
            "@babel/runtime": "^7.5.5",
            "global": "~4.4.0",
            "is-function": "^1.0.1"
          }
        },
        "aes-decrypter": {
          "version": "4.0.1",
          "resolved": "https://registry.npmjs.org/aes-decrypter/-/aes-decrypter-4.0.1.tgz",
          "integrity": "sha512-H1nh/P9VZXUf17AA5NQfJML88CFjVBDuGkp5zDHa7oEhYN9TTpNLJknRY1ie0iSKWlDf6JRnJKaZVDSQdPy6Cg==",
          "requires": {
            "@babel/runtime": "^7.12.5",
            "@videojs/vhs-utils": "^3.0.5",
            "global": "^4.4.0",
            "pkcs7": "^1.0.4"
          },
          "dependencies": {
            "@videojs/vhs-utils": {
              "version": "3.0.5",
              "resolved": "https://registry.npmjs.org/@videojs/vhs-utils/-/vhs-utils-3.0.5.tgz",
              "integrity": "sha512-PKVgdo8/GReqdx512F+ombhS+Bzogiofy1LgAj4tN8PfdBx3HSS7V5WfJotKTqtOWGwVfSWsrYN/t09/DSryrw==",
              "requires": {
                "@babel/runtime": "^7.12.5",
                "global": "^4.4.0",
                "url-toolkit": "^2.2.1"
              }
            }
          }
        },
        "global": {
          "version": "4.4.0",
          "resolved": "https://registry.npmjs.org/global/-/global-4.4.0.tgz",
          "integrity": "sha512-wv/LAoHdRE3BeTGz53FAamhGlPLhlssK45usmGFThIi4XqnBmjKQ16u+RNbP7WvigRZDxUsM0J3gcQ5yicaL0w==",
          "requires": {
            "min-document": "^2.19.0",
            "process": "^0.11.10"
          }
        },
        "m3u8-parser": {
          "version": "6.0.0",
          "resolved": "https://registry.npmjs.org/m3u8-parser/-/m3u8-parser-6.0.0.tgz",
          "integrity": "sha512-s3JfDtqhxTilZQf+P1m9dZc4ohL4O/aylP1VV6g9lhKuQNfAcVUzq7d2wgJ9nZR4ibjuXaP87QzGCV6vB0kV6g==",
          "requires": {
            "@babel/runtime": "^7.12.5",
            "@videojs/vhs-utils": "^3.0.5",
            "global": "^4.4.0"
          },
          "dependencies": {
            "@videojs/vhs-utils": {
              "version": "3.0.5",
              "resolved": "https://registry.npmjs.org/@videojs/vhs-utils/-/vhs-utils-3.0.5.tgz",
              "integrity": "sha512-PKVgdo8/GReqdx512F+ombhS+Bzogiofy1LgAj4tN8PfdBx3HSS7V5WfJotKTqtOWGwVfSWsrYN/t09/DSryrw==",
              "requires": {
                "@babel/runtime": "^7.12.5",
                "global": "^4.4.0",
                "url-toolkit": "^2.2.1"
              }
            }
          }
        },
        "mpd-parser": {
          "version": "1.1.1",
          "resolved": "https://registry.npmjs.org/mpd-parser/-/mpd-parser-1.1.1.tgz",
          "integrity": "sha512-uZ/db5wQdlQn1L+OD49YXBhPI9UGeK1SeQE4D5EoaJIhf0WM9X3HDj8d+9PjoG06CgCvGZw3YW/wsHku+CH3yA==",
          "requires": {
            "@babel/runtime": "^7.12.5",
            "@videojs/vhs-utils": "^3.0.5",
            "@xmldom/xmldom": "^0.8.3",
            "global": "^4.4.0"
          },
          "dependencies": {
            "@videojs/vhs-utils": {
              "version": "3.0.5",
              "resolved": "https://registry.npmjs.org/@videojs/vhs-utils/-/vhs-utils-3.0.5.tgz",
              "integrity": "sha512-PKVgdo8/GReqdx512F+ombhS+Bzogiofy1LgAj4tN8PfdBx3HSS7V5WfJotKTqtOWGwVfSWsrYN/t09/DSryrw==",
              "requires": {
                "@babel/runtime": "^7.12.5",
                "global": "^4.4.0",
                "url-toolkit": "^2.2.1"
              }
            }
          }
        },
        "mux.js": {
          "version": "6.3.0",
          "resolved": "https://registry.npmjs.org/mux.js/-/mux.js-6.3.0.tgz",
          "integrity": "sha512-/QTkbSAP2+w1nxV+qTcumSDN5PA98P0tjrADijIzQHe85oBK3Akhy9AHlH0ne/GombLMz1rLyvVsmrgRxoPDrQ==",
          "requires": {
            "@babel/runtime": "^7.11.2",
            "global": "^4.4.0"
          }
        },
        "pkcs7": {
          "version": "1.0.4",
          "resolved": "https://registry.npmjs.org/pkcs7/-/pkcs7-1.0.4.tgz",
          "integrity": "sha512-afRERtHn54AlwaF2/+LFszyAANTCggGilmcmILUzEjvs3XgFZT+xE6+QWQcAGmu4xajy+Xtj7acLOPdx5/eXWQ==",
          "requires": {
            "@babel/runtime": "^7.5.5"
          }
        },
        "process": {
          "version": "0.11.10",
          "resolved": "https://registry.npmjs.org/process/-/process-0.11.10.tgz",
          "integrity": "sha512-cdGef/drWFoydD1JsMzuFf8100nZl+GT+yacc2bEced5f9Rjk4z+WtFUTBu9PhOi9j/jfmBPu0mMEY4wIdAF8A=="
        },
        "regenerator-runtime": {
          "version": "0.13.11",
          "resolved": "https://registry.npmjs.org/regenerator-runtime/-/regenerator-runtime-0.13.11.tgz",
          "integrity": "sha512-kY1AZVr2Ra+t+piVaJ4gxaFaReZVH40AKNo7UCX6W+dEwBo/2oZJzqfuN1qLq1oL45o56cPaTXELwrTh8Fpggg=="
        },
        "url-toolkit": {
          "version": "2.2.5",
          "resolved": "https://registry.npmjs.org/url-toolkit/-/url-toolkit-2.2.5.tgz",
          "integrity": "sha512-mtN6xk+Nac+oyJ/PrI7tzfmomRVNFIWKUbG8jdYFt52hxbiReFAXIjYskvu64/dvuW71IcB7lV8l0HvZMac6Jg=="
        },
        "videojs-font": {
          "version": "4.1.0",
          "resolved": "https://registry.npmjs.org/videojs-font/-/videojs-font-4.1.0.tgz",
          "integrity": "sha512-X1LuPfLZPisPLrANIAKCknZbZu5obVM/ylfd1CN+SsCmPZQ3UMDPcvLTpPBJxcBuTpHQq2MO1QCFt7p8spnZ/w=="
        },
        "videojs-vtt.js": {
          "version": "0.15.4",
          "resolved": "https://registry.npmjs.org/videojs-vtt.js/-/videojs-vtt.js-0.15.4.tgz",
          "integrity": "sha512-r6IhM325fcLb1D6pgsMkTQT1PpFdUdYZa1iqk7wJEu+QlibBwATPfPc9Bg8Jiym0GE5yP1AG2rMLu+QMVWkYtA==",
          "requires": {
            "global": "^4.3.1"
          }
        }
      }
    },
    "videojs-contrib-quality-levels": {
      "version": "3.0.0",
      "resolved": "https://registry.npmjs.org/videojs-contrib-quality-levels/-/videojs-contrib-quality-levels-3.0.0.tgz",
      "integrity": "sha512-sNx38EYUx+Q+gmup1gVTv9P9/sPs28rM7gZOx1sedaHoKxEdYB+ysOGfHj6MSELBMNGMj6ZspdrpSiWguGvGxA==",
      "requires": {
        "global": "^4.4.0"
      },
      "dependencies": {
        "global": {
          "version": "4.4.0",
          "resolved": "https://registry.npmjs.org/global/-/global-4.4.0.tgz",
          "integrity": "sha512-wv/LAoHdRE3BeTGz53FAamhGlPLhlssK45usmGFThIi4XqnBmjKQ16u+RNbP7WvigRZDxUsM0J3gcQ5yicaL0w==",
          "requires": {
            "min-document": "^2.19.0",
            "process": "^0.11.10"
          }
        },
        "process": {
          "version": "0.11.10",
          "resolved": "https://registry.npmjs.org/process/-/process-0.11.10.tgz",
          "integrity": "sha512-cdGef/drWFoydD1JsMzuFf8100nZl+GT+yacc2bEced5f9Rjk4z+WtFUTBu9PhOi9j/jfmBPu0mMEY4wIdAF8A=="
        }
      }
    },
    "videojs-record": {
      "version": "3.11.0",
      "resolved": "https://registry.npmjs.org/videojs-record/-/videojs-record-3.11.0.tgz",
      "integrity": "sha512-ksP8E+IVX8/kLRiRWXSuIsLs4Yysk3mAbsgg918Sa34+vmbvQwXMnVO0D4KkRvW/hK/xs3cq6suckSYTjcVQ3A==",
      "requires": {
        "recordrtc": ">=5.5.9",
        "video.js": ">=6.2.7",
        "videojs-wavesurfer": ">=2.11.0 <3",
        "webrtc-adapter": ">=7.3.0"
      }
    },
    "videojs-wavesurfer": {
      "version": "2.11.0",
      "resolved": "https://registry.npmjs.org/videojs-wavesurfer/-/videojs-wavesurfer-2.11.0.tgz",
      "integrity": "sha512-qco1HoeX5oLJNKA0xe+s8fLMKo9ERfjLS1AvYSkuH3UmlT4MbBBQ8u6+TeRFQ4FEFXpY3ZphJzg1WFh0nNELLA==",
      "requires": {
        "video.js": ">=6.0.0",
        "wavesurfer.js": ">=3.1.0"
      }
    },
    "wavesurfer.js": {
      "version": "3.3.1",
      "resolved": "https://registry.npmjs.org/wavesurfer.js/-/wavesurfer.js-3.3.1.tgz",
      "integrity": "sha512-5w+Daa4EIoFcErXX4hZSkNdfdnCSTiaoTJMF5r7O7O6Kiv+oCrIlLwA73Ms9ULs+IZqOM9XhC33sfINgYdC4rw=="
    },
    "webrtc-adapter": {
      "version": "7.5.1",
      "resolved": "https://registry.npmjs.org/webrtc-adapter/-/webrtc-adapter-7.5.1.tgz",
      "integrity": "sha512-R5LkIR/APjODkstSXFOztOmINXQ0nqIGfUoKTtCzjyiDXHNgwhkqZ9vi8UzGyjfUBibuZ0ZzVyV10qtuLGW3CQ==",
      "requires": {
        "rtcpeerconnection-shim": "^1.2.15",
        "sdp": "^2.12.0"
      }
    }
  }
}
